// !$*UTF8*$!
{
	archiveVersion = 1;
	classes = {
	};
	objectVersion = 51;
	objects = {

/* Begin PBXBuildFile section */
		079E4199F87F6D289216B172 /* Pods_Pixel.framework in Frameworks */ = {isa = PBXBuildFile; fileRef = 9B1721D5D5C6D2CE872065CB /* Pods_Pixel.framework */; };
		8404BC662552B6D500C5B785 /* LoadImage.swift in Sources */ = {isa = PBXBuildFile; fileRef = 8404BC652552B6D500C5B785 /* LoadImage.swift */; };
		8404BC742553523500C5B785 /* DetailCollectionController.swift in Sources */ = {isa = PBXBuildFile; fileRef = 8404BC732553523500C5B785 /* DetailCollectionController.swift */; };
		84664E4A25515C290098994D /* AppDelegate.swift in Sources */ = {isa = PBXBuildFile; fileRef = 84664E4925515C290098994D /* AppDelegate.swift */; };
		84664E4C25515C290098994D /* SceneDelegate.swift in Sources */ = {isa = PBXBuildFile; fileRef = 84664E4B25515C290098994D /* SceneDelegate.swift */; };
		84664E4E25515C290098994D /* FeedViewController.swift in Sources */ = {isa = PBXBuildFile; fileRef = 84664E4D25515C290098994D /* FeedViewController.swift */; };
		84664E5125515C290098994D /* Main.storyboard in Resources */ = {isa = PBXBuildFile; fileRef = 84664E4F25515C290098994D /* Main.storyboard */; };
		84664E5325515C2A0098994D /* Assets.xcassets in Resources */ = {isa = PBXBuildFile; fileRef = 84664E5225515C2A0098994D /* Assets.xcassets */; };
		84664E5625515C2A0098994D /* LaunchScreen.storyboard in Resources */ = {isa = PBXBuildFile; fileRef = 84664E5425515C2A0098994D /* LaunchScreen.storyboard */; };
		84664E5F25518B8D0098994D /* RSSParser.swift in Sources */ = {isa = PBXBuildFile; fileRef = 84664E5E25518B8D0098994D /* RSSParser.swift */; };
		847F03FF2555399200D7977E /* LocationManager.swift in Sources */ = {isa = PBXBuildFile; fileRef = 847F03FE2555399200D7977E /* LocationManager.swift */; };
		84BA6012255466D50016B950 /* LabelHeightCalculate.swift in Sources */ = {isa = PBXBuildFile; fileRef = 84BA6011255466D50016B950 /* LabelHeightCalculate.swift */; };
		84C44A9B25542B44006992D8 /* NetworkAccess.swift in Sources */ = {isa = PBXBuildFile; fileRef = 84C44A9A25542B44006992D8 /* NetworkAccess.swift */; };
		84C44A9E25542BEC006992D8 /* FeedCell.swift in Sources */ = {isa = PBXBuildFile; fileRef = 84C44A9D25542BEC006992D8 /* FeedCell.swift */; };
		84C44AA225542CFF006992D8 /* FeedLoad.swift in Sources */ = {isa = PBXBuildFile; fileRef = 84C44AA125542CFF006992D8 /* FeedLoad.swift */; };
/* End PBXBuildFile section */

/* Begin PBXFileReference section */
		52F302A336D40F9F99623B9D /* Pods-Pixel.debug.xcconfig */ = {isa = PBXFileReference; includeInIndex = 1; lastKnownFileType = text.xcconfig; name = "Pods-Pixel.debug.xcconfig"; path = "Target Support Files/Pods-Pixel/Pods-Pixel.debug.xcconfig"; sourceTree = "<group>"; };
		7CB43F2C92EADC8608F8C726 /* Pods-Pixel.release.xcconfig */ = {isa = PBXFileReference; includeInIndex = 1; lastKnownFileType = text.xcconfig; name = "Pods-Pixel.release.xcconfig"; path = "Target Support Files/Pods-Pixel/Pods-Pixel.release.xcconfig"; sourceTree = "<group>"; };
		8404BC652552B6D500C5B785 /* LoadImage.swift */ = {isa = PBXFileReference; lastKnownFileType = sourcecode.swift; path = LoadImage.swift; sourceTree = "<group>"; };
		8404BC732553523500C5B785 /* DetailCollectionController.swift */ = {isa = PBXFileReference; lastKnownFileType = sourcecode.swift; path = DetailCollectionController.swift; sourceTree = "<group>"; };
		84664E4625515C290098994D /* Pixel.app */ = {isa = PBXFileReference; explicitFileType = wrapper.application; includeInIndex = 0; path = Pixel.app; sourceTree = BUILT_PRODUCTS_DIR; };
		84664E4925515C290098994D /* AppDelegate.swift */ = {isa = PBXFileReference; lastKnownFileType = sourcecode.swift; path = AppDelegate.swift; sourceTree = "<group>"; };
		84664E4B25515C290098994D /* SceneDelegate.swift */ = {isa = PBXFileReference; lastKnownFileType = sourcecode.swift; path = SceneDelegate.swift; sourceTree = "<group>"; };
		84664E4D25515C290098994D /* FeedViewController.swift */ = {isa = PBXFileReference; lastKnownFileType = sourcecode.swift; path = FeedViewController.swift; sourceTree = "<group>"; };
		84664E5025515C290098994D /* Base */ = {isa = PBXFileReference; lastKnownFileType = file.storyboard; name = Base; path = Base.lproj/Main.storyboard; sourceTree = "<group>"; };
		84664E5225515C2A0098994D /* Assets.xcassets */ = {isa = PBXFileReference; lastKnownFileType = folder.assetcatalog; path = Assets.xcassets; sourceTree = "<group>"; };
		84664E5525515C2A0098994D /* Base */ = {isa = PBXFileReference; lastKnownFileType = file.storyboard; name = Base; path = Base.lproj/LaunchScreen.storyboard; sourceTree = "<group>"; };
		84664E5725515C2A0098994D /* Info.plist */ = {isa = PBXFileReference; lastKnownFileType = text.plist.xml; path = Info.plist; sourceTree = "<group>"; };
		84664E5E25518B8D0098994D /* RSSParser.swift */ = {isa = PBXFileReference; lastKnownFileType = sourcecode.swift; path = RSSParser.swift; sourceTree = "<group>"; };
		847F03FE2555399200D7977E /* LocationManager.swift */ = {isa = PBXFileReference; lastKnownFileType = sourcecode.swift; path = LocationManager.swift; sourceTree = "<group>"; };
		84BA6011255466D50016B950 /* LabelHeightCalculate.swift */ = {isa = PBXFileReference; lastKnownFileType = sourcecode.swift; path = LabelHeightCalculate.swift; sourceTree = "<group>"; };
		84C44A9A25542B44006992D8 /* NetworkAccess.swift */ = {isa = PBXFileReference; lastKnownFileType = sourcecode.swift; path = NetworkAccess.swift; sourceTree = "<group>"; };
		84C44A9D25542BEC006992D8 /* FeedCell.swift */ = {isa = PBXFileReference; lastKnownFileType = sourcecode.swift; path = FeedCell.swift; sourceTree = "<group>"; };
		84C44AA125542CFF006992D8 /* FeedLoad.swift */ = {isa = PBXFileReference; lastKnownFileType = sourcecode.swift; path = FeedLoad.swift; sourceTree = "<group>"; };
		9B1721D5D5C6D2CE872065CB /* Pods_Pixel.framework */ = {isa = PBXFileReference; explicitFileType = wrapper.framework; includeInIndex = 0; path = Pods_Pixel.framework; sourceTree = BUILT_PRODUCTS_DIR; };
/* End PBXFileReference section */

/* Begin PBXFrameworksBuildPhase section */
		84664E4325515C290098994D /* Frameworks */ = {
			isa = PBXFrameworksBuildPhase;
			buildActionMask = 2147483647;
			files = (
				079E4199F87F6D289216B172 /* Pods_Pixel.framework in Frameworks */,
			);
			runOnlyForDeploymentPostprocessing = 0;
		};
/* End PBXFrameworksBuildPhase section */

/* Begin PBXGroup section */
		6FFDCE3A6ECDD6149DC872D0 /* Frameworks */ = {
			isa = PBXGroup;
			children = (
				9B1721D5D5C6D2CE872065CB /* Pods_Pixel.framework */,
			);
			name = Frameworks;
			sourceTree = "<group>";
		};
		84664E3D25515C290098994D = {
			isa = PBXGroup;
			children = (
				84664E4825515C290098994D /* Pixel */,
				84664E4725515C290098994D /* Products */,
				C8C977B4E070CD0EF2CADDC5 /* Pods */,
				6FFDCE3A6ECDD6149DC872D0 /* Frameworks */,
			);
			sourceTree = "<group>";
		};
		84664E4725515C290098994D /* Products */ = {
			isa = PBXGroup;
			children = (
				84664E4625515C290098994D /* Pixel.app */,
			);
			name = Products;
			sourceTree = "<group>";
		};
		84664E4825515C290098994D /* Pixel */ = {
			isa = PBXGroup;
			children = (
				84C44AA9255430AE006992D8 /* AppDelegate */,
				84C44AA525543028006992D8 /* Controllers */,
				84C44AA625543050006992D8 /* Views */,
				84C44AA725543074006992D8 /* Networking */,
				84BA6014255466DE0016B950 /* Helpers */,
				84664E4F25515C290098994D /* Main.storyboard */,
				84664E5225515C2A0098994D /* Assets.xcassets */,
				84664E5425515C2A0098994D /* LaunchScreen.storyboard */,
				84664E5725515C2A0098994D /* Info.plist */,
			);
			path = Pixel;
			sourceTree = "<group>";
		};
		84BA6014255466DE0016B950 /* Helpers */ = {
			isa = PBXGroup;
			children = (
				84BA6011255466D50016B950 /* LabelHeightCalculate.swift */,
			);
			path = Helpers;
			sourceTree = "<group>";
		};
		84C44AA525543028006992D8 /* Controllers */ = {
			isa = PBXGroup;
			children = (
				84664E4D25515C290098994D /* FeedViewController.swift */,
				8404BC732553523500C5B785 /* DetailCollectionController.swift */,
				847F03FE2555399200D7977E /* LocationManager.swift */,
			);
			path = Controllers;
			sourceTree = "<group>";
		};
		84C44AA625543050006992D8 /* Views */ = {
			isa = PBXGroup;
			children = (
				84C44A9D25542BEC006992D8 /* FeedCell.swift */,
			);
			path = Views;
			sourceTree = "<group>";
		};
		84C44AA725543074006992D8 /* Networking */ = {
			isa = PBXGroup;
			children = (
				84C44AA125542CFF006992D8 /* FeedLoad.swift */,
				84664E5E25518B8D0098994D /* RSSParser.swift */,
				8404BC652552B6D500C5B785 /* LoadImage.swift */,
				84C44A9A25542B44006992D8 /* NetworkAccess.swift */,
			);
			path = Networking;
			sourceTree = "<group>";
		};
		84C44AA9255430AE006992D8 /* AppDelegate */ = {
			isa = PBXGroup;
			children = (
				84664E4925515C290098994D /* AppDelegate.swift */,
				84664E4B25515C290098994D /* SceneDelegate.swift */,
			);
			path = AppDelegate;
			sourceTree = "<group>";
		};
		C8C977B4E070CD0EF2CADDC5 /* Pods */ = {
			isa = PBXGroup;
			children = (
				52F302A336D40F9F99623B9D /* Pods-Pixel.debug.xcconfig */,
				7CB43F2C92EADC8608F8C726 /* Pods-Pixel.release.xcconfig */,
			);
			path = Pods;
			sourceTree = "<group>";
		};
/* End PBXGroup section */

/* Begin PBXNativeTarget section */
		84664E4525515C290098994D /* Pixel */ = {
			isa = PBXNativeTarget;
			buildConfigurationList = 84664E5A25515C2A0098994D /* Build configuration list for PBXNativeTarget "Pixel" */;
			buildPhases = (
				A72DF0A44FBDAA1E9383E67A /* [CP] Check Pods Manifest.lock */,
				84664E4225515C290098994D /* Sources */,
				84664E4325515C290098994D /* Frameworks */,
				84664E4425515C290098994D /* Resources */,
				BE4B7D5D0BEA77C6B3478B80 /* [CP] Embed Pods Frameworks */,
			);
			buildRules = (
			);
			dependencies = (
			);
			name = Pixel;
			productName = Pixel;
			productReference = 84664E4625515C290098994D /* Pixel.app */;
			productType = "com.apple.product-type.application";
		};
/* End PBXNativeTarget section */

/* Begin PBXProject section */
		84664E3E25515C290098994D /* Project object */ = {
			isa = PBXProject;
			attributes = {
				LastSwiftUpdateCheck = 1200;
				LastUpgradeCheck = 1200;
				TargetAttributes = {
					84664E4525515C290098994D = {
						CreatedOnToolsVersion = 12.0.1;
					};
				};
			};
			buildConfigurationList = 84664E4125515C290098994D /* Build configuration list for PBXProject "Pixel" */;
			compatibilityVersion = "Xcode 9.3";
			developmentRegion = en;
			hasScannedForEncodings = 0;
			knownRegions = (
				en,
				Base,
			);
			mainGroup = 84664E3D25515C290098994D;
			productRefGroup = 84664E4725515C290098994D /* Products */;
			projectDirPath = "";
			projectRoot = "";
			targets = (
				84664E4525515C290098994D /* Pixel */,
			);
		};
/* End PBXProject section */

/* Begin PBXResourcesBuildPhase section */
		84664E4425515C290098994D /* Resources */ = {
			isa = PBXResourcesBuildPhase;
			buildActionMask = 2147483647;
			files = (
				84664E5625515C2A0098994D /* LaunchScreen.storyboard in Resources */,
				84664E5325515C2A0098994D /* Assets.xcassets in Resources */,
				84664E5125515C290098994D /* Main.storyboard in Resources */,
			);
			runOnlyForDeploymentPostprocessing = 0;
		};
/* End PBXResourcesBuildPhase section */

/* Begin PBXShellScriptBuildPhase section */
		A72DF0A44FBDAA1E9383E67A /* [CP] Check Pods Manifest.lock */ = {
			isa = PBXShellScriptBuildPhase;
			buildActionMask = 2147483647;
			files = (
			);
			inputFileListPaths = (
			);
			inputPaths = (
				"${PODS_PODFILE_DIR_PATH}/Podfile.lock",
				"${PODS_ROOT}/Manifest.lock",
			);
			name = "[CP] Check Pods Manifest.lock";
			outputFileListPaths = (
			);
			outputPaths = (
				"$(DERIVED_FILE_DIR)/Pods-Pixel-checkManifestLockResult.txt",
			);
			runOnlyForDeploymentPostprocessing = 0;
			shellPath = /bin/sh;
			shellScript = "diff \"${PODS_PODFILE_DIR_PATH}/Podfile.lock\" \"${PODS_ROOT}/Manifest.lock\" > /dev/null\nif [ $? != 0 ] ; then\n    # print error to STDERR\n    echo \"error: The sandbox is not in sync with the Podfile.lock. Run 'pod install' or update your CocoaPods installation.\" >&2\n    exit 1\nfi\n# This output is used by Xcode 'outputs' to avoid re-running this script phase.\necho \"SUCCESS\" > \"${SCRIPT_OUTPUT_FILE_0}\"\n";
			showEnvVarsInLog = 0;
		};
		BE4B7D5D0BEA77C6B3478B80 /* [CP] Embed Pods Frameworks */ = {
			isa = PBXShellScriptBuildPhase;
			buildActionMask = 2147483647;
			files = (
			);
			inputFileListPaths = (
				"${PODS_ROOT}/Target Support Files/Pods-Pixel/Pods-Pixel-frameworks-${CONFIGURATION}-input-files.xcfilelist",
			);
			name = "[CP] Embed Pods Frameworks";
			outputFileListPaths = (
				"${PODS_ROOT}/Target Support Files/Pods-Pixel/Pods-Pixel-frameworks-${CONFIGURATION}-output-files.xcfilelist",
			);
			runOnlyForDeploymentPostprocessing = 0;
			shellPath = /bin/sh;
			shellScript = "\"${PODS_ROOT}/Target Support Files/Pods-Pixel/Pods-Pixel-frameworks.sh\"\n";
			showEnvVarsInLog = 0;
		};
/* End PBXShellScriptBuildPhase section */

/* Begin PBXSourcesBuildPhase section */
		84664E4225515C290098994D /* Sources */ = {
			isa = PBXSourcesBuildPhase;
			buildActionMask = 2147483647;
			files = (
				84664E4E25515C290098994D /* FeedViewController.swift in Sources */,
				84C44AA225542CFF006992D8 /* FeedLoad.swift in Sources */,
				84664E4A25515C290098994D /* AppDelegate.swift in Sources */,
				847F03FF2555399200D7977E /* LocationManager.swift in Sources */,
				8404BC742553523500C5B785 /* DetailCollectionController.swift in Sources */,
				84664E4C25515C290098994D /* SceneDelegate.swift in Sources */,
				84664E5F25518B8D0098994D /* RSSParser.swift in Sources */,
				84C44A9B25542B44006992D8 /* NetworkAccess.swift in Sources */,
				84BA6012255466D50016B950 /* LabelHeightCalculate.swift in Sources */,
				8404BC662552B6D500C5B785 /* LoadImage.swift in Sources */,
				84C44A9E25542BEC006992D8 /* FeedCell.swift in Sources */,
			);
			runOnlyForDeploymentPostprocessing = 0;
		};
/* End PBXSourcesBuildPhase section */

/* Begin PBXVariantGroup section */
		84664E4F25515C290098994D /* Main.storyboard */ = {
			isa = PBXVariantGroup;
			children = (
				84664E5025515C290098994D /* Base */,
			);
			name = Main.storyboard;
			sourceTree = "<group>";
		};
		84664E5425515C2A0098994D /* LaunchScreen.storyboard */ = {
			isa = PBXVariantGroup;
			children = (
				84664E5525515C2A0098994D /* Base */,
			);
			name = LaunchScreen.storyboard;
			sourceTree = "<group>";
		};
/* End PBXVariantGroup section */

/* Begin XCBuildConfiguration section */
		84664E5825515C2A0098994D /* Debug */ = {
			isa = XCBuildConfiguration;
			buildSettings = {
				ALWAYS_SEARCH_USER_PATHS = NO;
				CLANG_ANALYZER_NONNULL = YES;
				CLANG_ANALYZER_NUMBER_OBJECT_CONVERSION = YES_AGGRESSIVE;
				CLANG_CXX_LANGUAGE_STANDARD = "gnu++14";
				CLANG_CXX_LIBRARY = "libc++";
				CLANG_ENABLE_MODULES = YES;
				CLANG_ENABLE_OBJC_ARC = YES;
				CLANG_ENABLE_OBJC_WEAK = YES;
				CLANG_WARN_BLOCK_CAPTURE_AUTORELEASING = YES;
				CLANG_WARN_BOOL_CONVERSION = YES;
				CLANG_WARN_COMMA = YES;
				CLANG_WARN_CONSTANT_CONVERSION = YES;
				CLANG_WARN_DEPRECATED_OBJC_IMPLEMENTATIONS = YES;
				CLANG_WARN_DIRECT_OBJC_ISA_USAGE = YES_ERROR;
				CLANG_WARN_DOCUMENTATION_COMMENTS = YES;
				CLANG_WARN_EMPTY_BODY = YES;
				CLANG_WARN_ENUM_CONVERSION = YES;
				CLANG_WARN_INFINITE_RECURSION = YES;
				CLANG_WARN_INT_CONVERSION = YES;
				CLANG_WARN_NON_LITERAL_NULL_CONVERSION = YES;
				CLANG_WARN_OBJC_IMPLICIT_RETAIN_SELF = YES;
				CLANG_WARN_OBJC_LITERAL_CONVERSION = YES;
				CLANG_WARN_OBJC_ROOT_CLASS = YES_ERROR;
				CLANG_WARN_QUOTED_INCLUDE_IN_FRAMEWORK_HEADER = YES;
				CLANG_WARN_RANGE_LOOP_ANALYSIS = YES;
				CLANG_WARN_STRICT_PROTOTYPES = YES;
				CLANG_WARN_SUSPICIOUS_MOVE = YES;
				CLANG_WARN_UNGUARDED_AVAILABILITY = YES_AGGRESSIVE;
				CLANG_WARN_UNREACHABLE_CODE = YES;
				CLANG_WARN__DUPLICATE_METHOD_MATCH = YES;
				COPY_PHASE_STRIP = NO;
				DEBUG_INFORMATION_FORMAT = dwarf;
				ENABLE_STRICT_OBJC_MSGSEND = YES;
				ENABLE_TESTABILITY = YES;
				GCC_C_LANGUAGE_STANDARD = gnu11;
				GCC_DYNAMIC_NO_PIC = NO;
				GCC_NO_COMMON_BLOCKS = YES;
				GCC_OPTIMIZATION_LEVEL = 0;
				GCC_PREPROCESSOR_DEFINITIONS = (
					"DEBUG=1",
					"$(inherited)",
				);
				GCC_WARN_64_TO_32_BIT_CONVERSION = YES;
				GCC_WARN_ABOUT_RETURN_TYPE = YES_ERROR;
				GCC_WARN_UNDECLARED_SELECTOR = YES;
				GCC_WARN_UNINITIALIZED_AUTOS = YES_AGGRESSIVE;
				GCC_WARN_UNUSED_FUNCTION = YES;
				GCC_WARN_UNUSED_VARIABLE = YES;
				IPHONEOS_DEPLOYMENT_TARGET = 14.0;
				MTL_ENABLE_DEBUG_INFO = INCLUDE_SOURCE;
				MTL_FAST_MATH = YES;
				ONLY_ACTIVE_ARCH = YES;
				SDKROOT = iphoneos;
				SWIFT_ACTIVE_COMPILATION_CONDITIONS = DEBUG;
				SWIFT_OPTIMIZATION_LEVEL = "-Onone";
			};
			name = Debug;
		};
		84664E5925515C2A0098994D /* Release */ = {
			isa = XCBuildConfiguration;
			buildSettings = {
				ALWAYS_SEARCH_USER_PATHS = NO;
				CLANG_ANALYZER_NONNULL = YES;
				CLANG_ANALYZER_NUMBER_OBJECT_CONVERSION = YES_AGGRESSIVE;
				CLANG_CXX_LANGUAGE_STANDARD = "gnu++14";
				CLANG_CXX_LIBRARY = "libc++";
				CLANG_ENABLE_MODULES = YES;
				CLANG_ENABLE_OBJC_ARC = YES;
				CLANG_ENABLE_OBJC_WEAK = YES;
				CLANG_WARN_BLOCK_CAPTURE_AUTORELEASING = YES;
				CLANG_WARN_BOOL_CONVERSION = YES;
				CLANG_WARN_COMMA = YES;
				CLANG_WARN_CONSTANT_CONVERSION = YES;
				CLANG_WARN_DEPRECATED_OBJC_IMPLEMENTATIONS = YES;
				CLANG_WARN_DIRECT_OBJC_ISA_USAGE = YES_ERROR;
				CLANG_WARN_DOCUMENTATION_COMMENTS = YES;
				CLANG_WARN_EMPTY_BODY = YES;
				CLANG_WARN_ENUM_CONVERSION = YES;
				CLANG_WARN_INFINITE_RECURSION = YES;
				CLANG_WARN_INT_CONVERSION = YES;
				CLANG_WARN_NON_LITERAL_NULL_CONVERSION = YES;
				CLANG_WARN_OBJC_IMPLICIT_RETAIN_SELF = YES;
				CLANG_WARN_OBJC_LITERAL_CONVERSION = YES;
				CLANG_WARN_OBJC_ROOT_CLASS = YES_ERROR;
				CLANG_WARN_QUOTED_INCLUDE_IN_FRAMEWORK_HEADER = YES;
				CLANG_WARN_RANGE_LOOP_ANALYSIS = YES;
				CLANG_WARN_STRICT_PROTOTYPES = YES;
				CLANG_WARN_SUSPICIOUS_MOVE = YES;
				CLANG_WARN_UNGUARDED_AVAILABILITY = YES_AGGRESSIVE;
				CLANG_WARN_UNREACHABLE_CODE = YES;
				CLANG_WARN__DUPLICATE_METHOD_MATCH = YES;
				COPY_PHASE_STRIP = NO;
				DEBUG_INFORMATION_FORMAT = "dwarf-with-dsym";
				ENABLE_NS_ASSERTIONS = NO;
				ENABLE_STRICT_OBJC_MSGSEND = YES;
				GCC_C_LANGUAGE_STANDARD = gnu11;
				GCC_NO_COMMON_BLOCKS = YES;
				GCC_WARN_64_TO_32_BIT_CONVERSION = YES;
				GCC_WARN_ABOUT_RETURN_TYPE = YES_ERROR;
				GCC_WARN_UNDECLARED_SELECTOR = YES;
				GCC_WARN_UNINITIALIZED_AUTOS = YES_AGGRESSIVE;
				GCC_WARN_UNUSED_FUNCTION = YES;
				GCC_WARN_UNUSED_VARIABLE = YES;
				IPHONEOS_DEPLOYMENT_TARGET = 14.0;
				MTL_ENABLE_DEBUG_INFO = NO;
				MTL_FAST_MATH = YES;
				SDKROOT = iphoneos;
				SWIFT_COMPILATION_MODE = wholemodule;
				SWIFT_OPTIMIZATION_LEVEL = "-O";
				VALIDATE_PRODUCT = YES;
			};
			name = Release;
		};
		84664E5B25515C2A0098994D /* Debug */ = {
			isa = XCBuildConfiguration;
			baseConfigurationReference = 52F302A336D40F9F99623B9D /* Pods-Pixel.debug.xcconfig */;
			buildSettings = {
				ASSETCATALOG_COMPILER_APPICON_NAME = AppIcon;
				ASSETCATALOG_COMPILER_GLOBAL_ACCENT_COLOR_NAME = AccentColor;
				CODE_SIGN_STYLE = Automatic;
				DEVELOPMENT_TEAM = 59F4BVAUWF;
				INFOPLIST_FILE = Pixel/Info.plist;
				IPHONEOS_DEPLOYMENT_TARGET = 14.0;
				LD_RUNPATH_SEARCH_PATHS = (
					"$(inherited)",
					"@executable_path/Frameworks",
				);
				PRODUCT_BUNDLE_IDENTIFIER = com.VarenikAnton.Pixel;
				PRODUCT_NAME = "$(TARGET_NAME)";
				SWIFT_VERSION = 5.0;
				TARGETED_DEVICE_FAMILY = "1,2";
			};
			name = Debug;
		};
		84664E5C25515C2A0098994D /* Release */ = {
			isa = XCBuildConfiguration;
			baseConfigurationReference = 7CB43F2C92EADC8608F8C726 /* Pods-Pixel.release.xcconfig */;
			buildSettings = {
				ASSETCATALOG_COMPILER_APPICON_NAME = AppIcon;
				ASSETCATALOG_COMPILER_GLOBAL_ACCENT_COLOR_NAME = AccentColor;
				CODE_SIGN_STYLE = Automatic;
				DEVELOPMENT_TEAM = 59F4BVAUWF;
				INFOPLIST_FILE = Pixel/Info.plist;
				IPHONEOS_DEPLOYMENT_TARGET = 14.0;
				LD_RUNPATH_SEARCH_PATHS = (
					"$(inherited)",
					"@executable_path/Frameworks",
				);
				PRODUCT_BUNDLE_IDENTIFIER = com.VarenikAnton.Pixel;
				PRODUCT_NAME = "$(TARGET_NAME)";
				SWIFT_VERSION = 5.0;
				TARGETED_DEVICE_FAMILY = "1,2";
			};
			name = Release;
		};
/* End XCBuildConfiguration section */

/* Begin XCConfigurationList section */
		84664E4125515C290098994D /* Build configuration list for PBXProject "Pixel" */ = {
			isa = XCConfigurationList;
			buildConfigurations = (
				84664E5825515C2A0098994D /* Debug */,
				84664E5925515C2A0098994D /* Release */,
			);
			defaultConfigurationIsVisible = 0;
			defaultConfigurationName = Release;
		};
		84664E5A25515C2A0098994D /* Build configuration list for PBXNativeTarget "Pixel" */ = {
			isa = XCConfigurationList;
			buildConfigurations = (
				84664E5B25515C2A0098994D /* Debug */,
				84664E5C25515C2A0098994D /* Release */,
			);
			defaultConfigurationIsVisible = 0;
			defaultConfigurationName = Release;
		};
/* End XCConfigurationList section */
	};
	rootObject = 84664E3E25515C290098994D /* Project object */;
}
